
Microsoft Visual Studio Solution File, Format Version 12.00
# Visual Studio Version 17
VisualStudioVersion = 17.9.34622.214
MinimumVisualStudioVersion = 10.0.40219.1
Project("{FAE04EC0-301F-11D3-BF4B-00C04F79EFBC}") = "FontsInstaller", "FontsInstaller.csproj", "{C84B5837-E76E-4D27-8717-7116A64C4C95}"
EndProject
Project("{54435603-DBB4-11D2-8724-00A0C9A8B90C}") = "Fonts Installer", "..\Fonts Installer\Fonts Installer.vdproj", "{590856CC-026A-4F6E-B0FE-9547AEBE837D}"
EndProject
Global
	GlobalSection(SolutionConfigurationPlatforms) = preSolution
		Debug|Any CPU = Debug|Any CPU
		Release|Any CPU = Release|Any CPU
	EndGlobalSection
	GlobalSection(ProjectConfigurationPlatforms) = postSolution
		{C84B5837-E76E-4D27-8717-7116A64C4C95}.Debug|Any CPU.ActiveCfg = Debug|Any CPU
		{C84B5837-E76E-4D27-8717-7116A64C4C95}.Debug|Any CPU.Build.0 = Debug|Any CPU
		{C84B5837-E76E-4D27-8717-7116A64C4C95}.Release|Any CPU.ActiveCfg = Release|Any CPU
		{C84B5837-E76E-4D27-8717-7116A64C4C95}.Release|Any CPU.Build.0 = Release|Any CPU
		{590856CC-026A-4F6E-B0FE-9547AEBE837D}.Debug|Any CPU.ActiveCfg = Debug
		{590856CC-026A-4F6E-B0FE-9547AEBE837D}.Release|Any CPU.ActiveCfg = Release
	EndGlobalSection
	GlobalSection(SolutionProperties) = preSolution
		HideSolutionNode = FALSE
	EndGlobalSection
	GlobalSection(ExtensibilityGlobals) = postSolution
		SolutionGuid = {F619042A-CCDA-4ED1-B851-4BCF70543F7A}
	EndGlobalSection
EndGlobal
